{
	"name": "any-db-adapter-spec",
	"version": "2.3.0",
	"lockfileVersion": 1,
	"requires": true,
	"dependencies": {
		"arrayify": {
			"version": "1.0.0",
			"resolved": "https://registry.npmjs.org/arrayify/-/arrayify-1.0.0.tgz",
			"integrity": "sha1-8GqYI1uO8UyhmVmSQRqf77TknPw="
		},
		"assert-in-order": {
			"version": "0.0.3",
			"resolved": "https://registry.npmjs.org/assert-in-order/-/assert-in-order-0.0.3.tgz",
			"integrity": "sha1-wn4/+BGgbvI2TmW76YfhnT8JbBU="
		},
		"camelize": {
			"version": "0.1.2",
			"resolved": "https://registry.npmjs.org/camelize/-/camelize-0.1.2.tgz",
			"integrity": "sha1-SMLT76M1dl6lARXVf0qaJM2EPQc="
		},
		"config-chain": {
			"version": "1.1.11",
			"resolved": "https://registry.npmjs.org/config-chain/-/config-chain-1.1.11.tgz",
			"integrity": "sha1-q6CXR9++TD5w52am5BWG4YWfxvI=",
			"requires": {
				"ini": "^1.3.4",
				"proto-list": "~1.2.1"
			}
		},
		"deep-equal": {
			"version": "0.1.2",
			"resolved": "https://registry.npmjs.org/deep-equal/-/deep-equal-0.1.2.tgz",
			"integrity": "sha1-skbCuApXCkfBG+HZvRBw7IeLh84="
		},
		"defined": {
			"version": "0.0.0",
			"resolved": "https://registry.npmjs.org/defined/-/defined-0.0.0.tgz",
			"integrity": "sha1-817qfXBekzuvE7LwOz+D2SFAOz4="
		},
		"for-each": {
			"version": "0.1.0",
			"resolved": "https://registry.npmjs.org/for-each/-/for-each-0.1.0.tgz",
			"integrity": "sha1-5k0IPf4ey0jQMLfbLp6zP3sC+0U="
		},
		"inherits": {
			"version": "2.0.3",
			"resolved": "https://registry.npmjs.org/inherits/-/inherits-2.0.3.tgz",
			"integrity": "sha1-Yzwsg+PaQqUC9SRmAiSA9CCCYd4="
		},
		"ini": {
			"version": "1.3.7",
			"resolved": "https://registry.npmjs.org/ini/-/ini-1.3.7.tgz",
			"integrity": "sha512-iKpRpXP+CrP2jyrxvg1kMUpXDyRUFDWurxbnVT1vQPx+Wz9uCYsMIqYuSBLV+PAaZG/d7kRLKRFc9oDMsH+mFQ=="
		},
		"jsonify": {
			"version": "0.0.0",
			"resolved": "https://registry.npmjs.org/jsonify/-/jsonify-0.0.0.tgz",
			"integrity": "sha1-LHS27kHZPKUbe1qu6PUDYx0lKnM="
		},
		"minimist": {
			"version": "0.0.10",
			"resolved": "https://registry.npmjs.org/minimist/-/minimist-0.0.10.tgz",
			"integrity": "sha1-3j+YVD2/lggr5IrRoMfNqDYwHc8="
		},
		"optimist": {
			"version": "0.6.1",
			"resolved": "https://registry.npmjs.org/optimist/-/optimist-0.6.1.tgz",
			"integrity": "sha1-2j6nRob6IaGaERwybpDrFaAZZoY=",
			"requires": {
				"minimist": "~0.0.1",
				"wordwrap": "~0.0.2"
			}
		},
		"parse-db-url": {
			"version": "2.3.0",
			"resolved": "https://registry.npmjs.org/parse-db-url/-/parse-db-url-2.3.0.tgz",
			"integrity": "sha512-GiJHrRGzDYilQpTZpNMuzIfQNIhG9oEwB4ww3r010uvSq4QLxzpKCPjd3p5cxxq0A650IcGv6xpbvnDceWAgsA=="
		},
		"proto-list": {
			"version": "1.2.4",
			"resolved": "https://registry.npmjs.org/proto-list/-/proto-list-1.2.4.tgz",
			"integrity": "sha1-IS1b/hMYMGpCD2QCuOJv85ZHqEk="
		},
		"require-all": {
			"version": "0.0.8",
			"resolved": "https://registry.npmjs.org/require-all/-/require-all-0.0.8.tgz",
			"integrity": "sha1-p9QwfZDkIvy58ErwGMFJkgB05LM="
		},
		"resumer": {
			"version": "0.0.0",
			"resolved": "https://registry.npmjs.org/resumer/-/resumer-0.0.0.tgz",
			"integrity": "sha1-8ej0YeQGS6Oegq883CqMiT0HZ1k=",
			"requires": {
				"through": "~2.3.4"
			}
		},
		"tape": {
			"version": "2.3.3",
			"resolved": "https://registry.npmjs.org/tape/-/tape-2.3.3.tgz",
			"integrity": "sha1-Lnzgox3wn41oUWZKcYQuDKUFevc=",
			"requires": {
				"deep-equal": "~0.1.0",
				"defined": "~0.0.0",
				"inherits": "~2.0.1",
				"jsonify": "~0.0.0",
				"resumer": "~0.0.0",
				"through": "~2.3.4"
			}
		},
		"through": {
			"version": "2.3.8",
			"resolved": "https://registry.npmjs.org/through/-/through-2.3.8.tgz",
			"integrity": "sha1-DdTJ/6q8NXlgsbckEV1+Doai4fU="
		},
		"wordwrap": {
			"version": "0.0.3",
			"resolved": "https://registry.npmjs.org/wordwrap/-/wordwrap-0.0.3.tgz",
			"integrity": "sha1-o9XabNXAvAAI03I0u68b7WMFkQc="
		}
	}
}
