{
	"name": "any-db-mysql",
	"version": "2.3.0",
	"lockfileVersion": 1,
	"requires": true,
	"dependencies": {
		"any-db-adapter-spec": {
			"version": "2.3.0",
			"resolved": "https://registry.npmjs.org/any-db-adapter-spec/-/any-db-adapter-spec-2.3.0.tgz",
			"integrity": "sha512-R0U5xvwq0fmlg1uo7qPz96748mgEdMeNd5GgJo+XKOkKJ0ky4dIw8Ha9zTWtOYsG5uUEhORT7Eh117DTuNq9OA==",
			"dev": true,
			"requires": {
				"arrayify": "~1.0.0",
				"assert-in-order": "0.0.3",
				"camelize": "~0.1.2",
				"config-chain": "~1.1.8",
				"for-each": "~0.1.0",
				"optimist": "~0.6.0",
				"parse-db-url": "2.3.0",
				"require-all": "0.0.8",
				"tape": "~2.3.2"
			}
		},
		"arrayify": {
			"version": "1.0.0",
			"resolved": "https://registry.npmjs.org/arrayify/-/arrayify-1.0.0.tgz",
			"integrity": "sha512-1dR4Eij3ZHfA/Gx5dPECF9valUfbS/aV27clwZ//vVZ5LBSHObksDbGLxl/sRJyC3fxprB+9nkUliyfQVPMBJQ==",
			"dev": true
		},
		"assert-in-order": {
			"version": "0.0.3",
			"resolved": "https://registry.npmjs.org/assert-in-order/-/assert-in-order-0.0.3.tgz",
			"integrity": "sha512-rSglNoeZpnArOAV+DvckhjujA/UGMmpSXiqB+JQUFRchc25xsIwqWUd7GsRDBrZzz5yfyQ7h9X797gQnLlRQlw==",
			"dev": true
		},
		"bignumber.js": {
			"version": "4.0.2",
			"resolved": "https://registry.npmjs.org/bignumber.js/-/bignumber.js-4.0.2.tgz",
			"integrity": "sha512-yDwucmBlGBJratydODm/oSQzMva3jIfDedWzllSRGTWz2K+X/pAYBvEBKQmSgWdbQPWhRDxey8jZngvkpsQ8Sg=="
		},
		"camelize": {
			"version": "0.1.2",
			"resolved": "https://registry.npmjs.org/camelize/-/camelize-0.1.2.tgz",
			"integrity": "sha512-2ZFLSYehFbgareT6dKC8puTvSVltWTE6cMHYMbrMSCrAm7vknVEYe0MbaP3iCAk7VyKDGZvJLmg5W/IX0HNTLQ==",
			"dev": true
		},
		"config-chain": {
			"version": "1.1.13",
			"resolved": "https://registry.npmjs.org/config-chain/-/config-chain-1.1.13.tgz",
			"integrity": "sha512-qj+f8APARXHrM0hraqXYb2/bOVSV4PvJQlNZ/DVj0QrmNM2q2euizkeuVckQ57J+W0mRH6Hvi+k50M4Jul2VRQ==",
			"dev": true,
			"requires": {
				"ini": "^1.3.4",
				"proto-list": "~1.2.1"
			}
		},
		"core-util-is": {
			"version": "1.0.3",
			"resolved": "https://registry.npmjs.org/core-util-is/-/core-util-is-1.0.3.tgz",
			"integrity": "sha512-ZQBvi1DcpJ4GDqanjucZ2Hj3wEO5pZDS89BWbkcrvdxksJorwUDDZamX9ldFkp9aw2lmBDLgkObEA4DWNJ9FYQ=="
		},
		"deep-equal": {
			"version": "0.1.2",
			"resolved": "https://registry.npmjs.org/deep-equal/-/deep-equal-0.1.2.tgz",
			"integrity": "sha512-rUCt39nKM7s6qUyYgp/reJmtXjgkOS/JbLO24DioMZaBNkD3b7C7cD3zJjSyjclEElNTpetAIRD6fMIbBIbX1Q==",
			"dev": true
		},
		"defined": {
			"version": "0.0.0",
			"resolved": "https://registry.npmjs.org/defined/-/defined-0.0.0.tgz",
			"integrity": "sha512-zpqiCT8bODLu3QSmLLic8xJnYWBFjOSu/fBCm189oAiTtPq/PSanNACKZDS7kgSyCJY7P+IcODzlIogBK/9RBg==",
			"dev": true
		},
		"for-each": {
			"version": "0.1.0",
			"resolved": "https://registry.npmjs.org/for-each/-/for-each-0.1.0.tgz",
			"integrity": "sha512-M9LSDg91XzEJrx4J1tOUeoEIh7IQVhnsrM+Ckw4SglSd90HOQQGbjUg/fFbAnod+t9PP6M5FsEjjbcfcxgVtDA==",
			"dev": true
		},
		"inherits": {
			"version": "2.0.1",
			"resolved": "https://registry.npmjs.org/inherits/-/inherits-2.0.1.tgz",
			"integrity": "sha1-sX0I0ya0Qj5Wjv9xn5GwscvfafE="
		},
		"ini": {
			"version": "1.3.8",
			"resolved": "https://registry.npmjs.org/ini/-/ini-1.3.8.tgz",
			"integrity": "sha512-JV/yugV2uzW5iMRSiZAyDtQd+nxtUnjeLt0acNdw98kKLrvuRVyB80tsREOE7yvGVgalhZ6RNXCmEHkUKBKxew==",
			"dev": true
		},
		"isarray": {
			"version": "1.0.0",
			"resolved": "https://registry.npmjs.org/isarray/-/isarray-1.0.0.tgz",
			"integrity": "sha512-VLghIWNM6ELQzo7zwmcg0NmTVyWKYjvIeM83yjp0wRDTmUnrM678fQbcKBo6n2CJEF0szoG//ytg+TKla89ALQ=="
		},
		"jsonify": {
			"version": "0.0.0",
			"resolved": "https://registry.npmjs.org/jsonify/-/jsonify-0.0.0.tgz",
			"integrity": "sha512-trvBk1ki43VZptdBI5rIlG4YOzyeH/WefQt5rj1grasPn4iiZWKet8nkgc4GlsAylaztn0qZfUYOiTsASJFdNA==",
			"dev": true
		},
		"minimist": {
			"version": "0.0.10",
			"resolved": "https://registry.npmjs.org/minimist/-/minimist-0.0.10.tgz",
			"integrity": "sha512-iotkTvxc+TwOm5Ieim8VnSNvCDjCK9S8G3scJ50ZthspSxa7jx50jkhYduuAtAjvfDUwSgOwf8+If99AlOEhyw==",
			"dev": true
		},
		"mysql": {
			"version": "2.14.0",
			"resolved": "https://registry.npmjs.org/mysql/-/mysql-2.14.0.tgz",
			"integrity": "sha512-zhKUBIQHDaeN0hdFRFn6E/doektYjG6V6O35yWmHFiEHXvJWO1kx8897sCFkgwVoB2MGL0rIXgnUCtOCVi5lvw==",
			"requires": {
				"bignumber.js": "4.0.2",
				"readable-stream": "2.3.3",
				"safe-buffer": "5.1.1",
				"sqlstring": "2.2.0"
			}
		},
		"optimist": {
			"version": "0.6.1",
			"resolved": "https://registry.npmjs.org/optimist/-/optimist-0.6.1.tgz",
			"integrity": "sha512-snN4O4TkigujZphWLN0E//nQmm7790RYaE53DdL7ZYwee2D8DDo9/EyYiKUfN3rneWUjhJnueija3G9I2i0h3g==",
			"dev": true,
			"requires": {
				"minimist": "~0.0.1",
				"wordwrap": "~0.0.2"
			}
		},
		"parse-db-url": {
			"version": "2.3.0",
			"resolved": "https://registry.npmjs.org/parse-db-url/-/parse-db-url-2.3.0.tgz",
			"integrity": "sha512-GiJHrRGzDYilQpTZpNMuzIfQNIhG9oEwB4ww3r010uvSq4QLxzpKCPjd3p5cxxq0A650IcGv6xpbvnDceWAgsA==",
			"dev": true
		},
		"process-nextick-args": {
			"version": "1.0.7",
			"resolved": "https://registry.npmjs.org/process-nextick-args/-/process-nextick-args-1.0.7.tgz",
			"integrity": "sha512-yN0WQmuCX63LP/TMvAg31nvT6m4vDqJEiiv2CAZqWOGNWutc9DfDk1NPYYmKUFmaVM2UwDowH4u5AHWYP/jxKw=="
		},
		"proto-list": {
			"version": "1.2.4",
			"resolved": "https://registry.npmjs.org/proto-list/-/proto-list-1.2.4.tgz",
			"integrity": "sha512-vtK/94akxsTMhe0/cbfpR+syPuszcuwhqVjJq26CuNDgFGj682oRBXOP5MJpv2r7JtE8MsiepGIqvvOTBwn2vA==",
			"dev": true
		},
		"readable-stream": {
			"version": "2.3.3",
			"resolved": "https://registry.npmjs.org/readable-stream/-/readable-stream-2.3.3.tgz",
			"integrity": "sha512-m+qzzcn7KUxEmd1gMbchF+Y2eIUbieUaxkWtptyHywrX0rE8QEYqPC07Vuy4Wm32/xE16NcdBctb8S0Xe/5IeQ==",
			"requires": {
				"core-util-is": "~1.0.0",
				"inherits": "~2.0.3",
				"isarray": "~1.0.0",
				"process-nextick-args": "~1.0.6",
				"safe-buffer": "~5.1.1",
				"string_decoder": "~1.0.3",
				"util-deprecate": "~1.0.1"
			},
			"dependencies": {
				"inherits": {
					"version": "2.0.4",
					"resolved": "https://registry.npmjs.org/inherits/-/inherits-2.0.4.tgz",
					"integrity": "sha512-k/vGaX4/Yla3WzyMCvTQOXYeIHvqOKtnqBduzTHpzpQZzAskKMhZ2K+EnBiSM9zGSoIFeMpXKxa4dYeZIQqewQ=="
				}
			}
		},
		"require-all": {
			"version": "0.0.8",
			"resolved": "https://registry.npmjs.org/require-all/-/require-all-0.0.8.tgz",
			"integrity": "sha512-c447/jXG6estP6T5mTYOzOWPHF+yAFfbY7FwTfXT15r41X8t/eg17+P6X2h1/a3J2HBCnWzKbjQ/nvfwxQmOqw==",
			"dev": true
		},
		"resumer": {
			"version": "0.0.0",
			"resolved": "https://registry.npmjs.org/resumer/-/resumer-0.0.0.tgz",
			"integrity": "sha512-Fn9X8rX8yYF4m81rZCK/5VmrmsSbqS/i3rDLl6ZZHAXgC2nTAx3dhwG8q8odP/RmdLa2YrybDJaAMg+X1ajY3w==",
			"dev": true,
			"requires": {
				"through": "~2.3.4"
			}
		},
		"safe-buffer": {
			"version": "5.1.1",
			"resolved": "https://registry.npmjs.org/safe-buffer/-/safe-buffer-5.1.1.tgz",
			"integrity": "sha512-kKvNJn6Mm93gAczWVJg7wH+wGYWNrDHdWvpUmHyEsgCtIwwo3bqPtV4tR5tuPaUhTOo/kvhVwd8XwwOllGYkbg=="
		},
		"sqlstring": {
			"version": "2.2.0",
			"resolved": "https://registry.npmjs.org/sqlstring/-/sqlstring-2.2.0.tgz",
			"integrity": "sha512-ykqw3eJjyUTlQo06Hku92yCqBwt84cNIW7JFGLHskK/J7h82KlNH6eX5jb7PSXmH2uwndMrUt2AfDvnd+2yQMw=="
		},
		"string_decoder": {
			"version": "1.0.3",
			"resolved": "https://registry.npmjs.org/string_decoder/-/string_decoder-1.0.3.tgz",
			"integrity": "sha512-4AH6Z5fzNNBcH+6XDMfA/BTt87skxqJlO0lAh3Dker5zThcAxG6mKz+iGu308UKoPPQ8Dcqx/4JhujzltRa+hQ==",
			"requires": {
				"safe-buffer": "~5.1.0"
			}
		},
		"tape": {
			"version": "2.3.3",
			"resolved": "https://registry.npmjs.org/tape/-/tape-2.3.3.tgz",
			"integrity": "sha512-V3tQqlti/JJm577hhDdoCOw1xl4aPcDjTY6PesnFjWDcUYzB6fz39ETXFQuPr9piaoHPfc65sjAehTgbfXOvxQ==",
			"dev": true,
			"requires": {
				"deep-equal": "~0.1.0",
				"defined": "~0.0.0",
				"inherits": "~2.0.1",
				"jsonify": "~0.0.0",
				"resumer": "~0.0.0",
				"through": "~2.3.4"
			}
		},
		"through": {
			"version": "2.3.8",
			"resolved": "https://registry.npmjs.org/through/-/through-2.3.8.tgz",
			"integrity": "sha512-w89qg7PI8wAdvX60bMDP+bFoD5Dvhm9oLheFp5O4a2QF0cSBGsBX4qZmadPMvVqlLJBBci+WqGGOAPvcDeNSVg==",
			"dev": true
		},
		"util-deprecate": {
			"version": "1.0.2",
			"resolved": "https://registry.npmjs.org/util-deprecate/-/util-deprecate-1.0.2.tgz",
			"integrity": "sha512-EPD5q1uXyFxJpCrLnCc1nHnq3gOa6DZBocAIiI2TaSCA7VCJ1UJDMagCzIkXNsUYfD1daK//LTEQ8xiIbrHtcw=="
		},
		"wordwrap": {
			"version": "0.0.3",
			"resolved": "https://registry.npmjs.org/wordwrap/-/wordwrap-0.0.3.tgz",
			"integrity": "sha512-1tMA907+V4QmxV7dbRvb4/8MaRALK6q9Abid3ndMYnbyo8piisCmeONVqVSXqQA3KaP4SLt5b7ud6E2sqP8TFw==",
			"dev": true
		}
	}
}
