{
  "name": "any-db-common",
  "version": "3.0.0",
  "lockfileVersion": 1,
  "requires": true,
  "dependencies": {
    "@types/node": {
      "version": "10.5.8",
      "resolved": "https://registry.npmjs.org/@types/node/-/node-10.5.8.tgz",
      "integrity": "sha512-sWSjw+bYW/2W+1V3m8tVsm9PKJcxk3NHN7oRqNUfEdofKg0Imbdu1dQbFvLKjZQXEDXRN6IfSMACjJ7Wv4NGCQ==",
      "dev": true
    }
  }
}
